
Microsoft Visual Studio Solution File, Format Version 12.00
# Visual Studio Version 16
VisualStudioVersion = 16.0.810.19
MinimumVisualStudioVersion = 10.0.40219.1
Project("{FAE04EC0-301F-11D3-BF4B-00C04F79EFBC}") = "itsRewards.Android", "itsRewards.Android\itsRewards.Android.csproj", "{29A6682C-8A97-4C59-8DE6-7FF5939D17AB}"
EndProject
Project("{FAE04EC0-301F-11D3-BF4B-00C04F79EFBC}") = "itsRewards.iOS", "itsRewards.iOS\itsRewards.iOS.csproj", "{1E838213-0142-4914-8BFD-1857CEFEDD27}"
EndProject
Project("{FAE04EC0-301F-11D3-BF4B-00C04F79EFBC}") = "itsRewards", "itsRewards\itsRewards.csproj", "{BA12700F-1C46-490D-B2B7-6C1AB0B8EE04}"
EndProject
Global
	GlobalSection(SolutionConfigurationPlatforms) = preSolution
		Debug|Any CPU = Debug|Any CPU
		Release|Any CPU = Release|Any CPU
		Debug|iPhoneSimulator = Debug|iPhoneSimulator
		Release|iPhoneSimulator = Release|iPhoneSimulator
		Debug|iPhone = Debug|iPhone
		Release|iPhone = Release|iPhone
	EndGlobalSection
	GlobalSection(ProjectConfigurationPlatforms) = postSolution
		{29A6682C-8A97-4C59-8DE6-7FF5939D17AB}.Debug|Any CPU.ActiveCfg = Debug|Any CPU
		{29A6682C-8A97-4C59-8DE6-7FF5939D17AB}.Debug|Any CPU.Build.0 = Debug|Any CPU
		{29A6682C-8A97-4C59-8DE6-7FF5939D17AB}.Release|Any CPU.ActiveCfg = Release|Any CPU
		{29A6682C-8A97-4C59-8DE6-7FF5939D17AB}.Release|Any CPU.Build.0 = Release|Any CPU
		{29A6682C-8A97-4C59-8DE6-7FF5939D17AB}.Debug|iPhoneSimulator.ActiveCfg = Debug|Any CPU
		{29A6682C-8A97-4C59-8DE6-7FF5939D17AB}.Debug|iPhoneSimulator.Build.0 = Debug|Any CPU
		{29A6682C-8A97-4C59-8DE6-7FF5939D17AB}.Release|iPhoneSimulator.ActiveCfg = Release|Any CPU
		{29A6682C-8A97-4C59-8DE6-7FF5939D17AB}.Release|iPhoneSimulator.Build.0 = Release|Any CPU
		{29A6682C-8A97-4C59-8DE6-7FF5939D17AB}.Debug|iPhone.ActiveCfg = Debug|Any CPU
		{29A6682C-8A97-4C59-8DE6-7FF5939D17AB}.Debug|iPhone.Build.0 = Debug|Any CPU
		{29A6682C-8A97-4C59-8DE6-7FF5939D17AB}.Release|iPhone.ActiveCfg = Release|Any CPU
		{29A6682C-8A97-4C59-8DE6-7FF5939D17AB}.Release|iPhone.Build.0 = Release|Any CPU
		{1E838213-0142-4914-8BFD-1857CEFEDD27}.Debug|Any CPU.ActiveCfg = Debug|iPhoneSimulator
		{1E838213-0142-4914-8BFD-1857CEFEDD27}.Debug|Any CPU.Build.0 = Debug|iPhoneSimulator
		{1E838213-0142-4914-8BFD-1857CEFEDD27}.Release|Any CPU.ActiveCfg = Release|iPhoneSimulator
		{1E838213-0142-4914-8BFD-1857CEFEDD27}.Release|Any CPU.Build.0 = Release|iPhoneSimulator
		{1E838213-0142-4914-8BFD-1857CEFEDD27}.Debug|iPhoneSimulator.ActiveCfg = Debug|iPhoneSimulator
		{1E838213-0142-4914-8BFD-1857CEFEDD27}.Debug|iPhoneSimulator.Build.0 = Debug|iPhoneSimulator
		{1E838213-0142-4914-8BFD-1857CEFEDD27}.Release|iPhoneSimulator.ActiveCfg = Release|iPhoneSimulator
		{1E838213-0142-4914-8BFD-1857CEFEDD27}.Release|iPhoneSimulator.Build.0 = Release|iPhoneSimulator
		{1E838213-0142-4914-8BFD-1857CEFEDD27}.Debug|iPhone.ActiveCfg = Debug|iPhone
		{1E838213-0142-4914-8BFD-1857CEFEDD27}.Debug|iPhone.Build.0 = Debug|iPhone
		{1E838213-0142-4914-8BFD-1857CEFEDD27}.Release|iPhone.ActiveCfg = Release|iPhone
		{1E838213-0142-4914-8BFD-1857CEFEDD27}.Release|iPhone.Build.0 = Release|iPhone
		{BA12700F-1C46-490D-B2B7-6C1AB0B8EE04}.Debug|Any CPU.ActiveCfg = Debug|Any CPU
		{BA12700F-1C46-490D-B2B7-6C1AB0B8EE04}.Debug|Any CPU.Build.0 = Debug|Any CPU
		{BA12700F-1C46-490D-B2B7-6C1AB0B8EE04}.Release|Any CPU.ActiveCfg = Release|Any CPU
		{BA12700F-1C46-490D-B2B7-6C1AB0B8EE04}.Release|Any CPU.Build.0 = Release|Any CPU
		{BA12700F-1C46-490D-B2B7-6C1AB0B8EE04}.Debug|iPhoneSimulator.ActiveCfg = Debug|Any CPU
		{BA12700F-1C46-490D-B2B7-6C1AB0B8EE04}.Debug|iPhoneSimulator.Build.0 = Debug|Any CPU
		{BA12700F-1C46-490D-B2B7-6C1AB0B8EE04}.Release|iPhoneSimulator.ActiveCfg = Release|Any CPU
		{BA12700F-1C46-490D-B2B7-6C1AB0B8EE04}.Release|iPhoneSimulator.Build.0 = Release|Any CPU
		{BA12700F-1C46-490D-B2B7-6C1AB0B8EE04}.Debug|iPhone.ActiveCfg = Debug|Any CPU
		{BA12700F-1C46-490D-B2B7-6C1AB0B8EE04}.Debug|iPhone.Build.0 = Debug|Any CPU
		{BA12700F-1C46-490D-B2B7-6C1AB0B8EE04}.Release|iPhone.ActiveCfg = Release|Any CPU
		{BA12700F-1C46-490D-B2B7-6C1AB0B8EE04}.Release|iPhone.Build.0 = Release|Any CPU
	EndGlobalSection
	GlobalSection(SolutionProperties) = preSolution
		HideSolutionNode = FALSE
	EndGlobalSection
	GlobalSection(ExtensibilityGlobals) = postSolution
		SolutionGuid = {0B388D7A-A469-4074-B8E5-00A7F1D8449A}
	EndGlobalSection
EndGlobal
